
Microsoft Visual Studio Solution File, Format Version 12.00
# Visual Studio Version 17
VisualStudioVersion = 17.11.35222.181
MinimumVisualStudioVersion = 10.0.40219.1
Project("{FAE04EC0-301F-11D3-BF4B-00C04F79EFBC}") = "pi_store", "pi_store.csproj", "{8A85437F-6BF0-4D02-8C7F-45B62C9B9F49}"
EndProject
Global
	GlobalSection(SolutionConfigurationPlatforms) = preSolution
		Debug|Any CPU = Debug|Any CPU
		Release|Any CPU = Release|Any CPU
	EndGlobalSection
	GlobalSection(ProjectConfigurationPlatforms) = postSolution
		{8A85437F-6BF0-4D02-8C7F-45B62C9B9F49}.Debug|Any CPU.ActiveCfg = Debug|Any CPU
		{8A85437F-6BF0-4D02-8C7F-45B62C9B9F49}.Debug|Any CPU.Build.0 = Debug|Any CPU
		{8A85437F-6BF0-4D02-8C7F-45B62C9B9F49}.Release|Any CPU.ActiveCfg = Release|Any CPU
		{8A85437F-6BF0-4D02-8C7F-45B62C9B9F49}.Release|Any CPU.Build.0 = Release|Any CPU
	EndGlobalSection
	GlobalSection(SolutionProperties) = preSolution
		HideSolutionNode = FALSE
	EndGlobalSection
	GlobalSection(ExtensibilityGlobals) = postSolution
		SolutionGuid = {FACDB545-79C2-48FB-B998-E75D37FDC1EE}
	EndGlobalSection
EndGlobal
